<?xml version="1.0" encoding="utf-8"?>
<Project ToolsVersion="15.0" xmlns="http://schemas.microsoft.com/developer/msbuild/2003">
  <ItemGroup>
    <ClCompile Include="F:\vrg3d-code\G3D\png.lib\source\png.c">
      <Filter>Source Files</Filter>
    </ClCompile>
    <ClCompile Include="F:\vrg3d-code\G3D\png.lib\source\pngerror.c">
      <Filter>Source Files</Filter>
    </ClCompile>
    <ClCompile Include="F:\vrg3d-code\G3D\png.lib\source\pngget.c">
      <Filter>Source Files</Filter>
    </ClCompile>
    <ClCompile Include="F:\vrg3d-code\G3D\png.lib\source\pngmem.c">
      <Filter>Source Files</Filter>
    </ClCompile>
    <ClCompile Include="F:\vrg3d-code\G3D\png.lib\source\pngpread.c">
      <Filter>Source Files</Filter>
    </ClCompile>
    <ClCompile Include="F:\vrg3d-code\G3D\png.lib\source\pngread.c">
      <Filter>Source Files</Filter>
    </ClCompile>
    <ClCompile Include="F:\vrg3d-code\G3D\png.lib\source\pngrio.c">
      <Filter>Source Files</Filter>
    </ClCompile>
    <ClCompile Include="F:\vrg3d-code\G3D\png.lib\source\pngrtran.c">
      <Filter>Source Files</Filter>
    </ClCompile>
    <ClCompile Include="F:\vrg3d-code\G3D\png.lib\source\pngrutil.c">
      <Filter>Source Files</Filter>
    </ClCompile>
    <ClCompile Include="F:\vrg3d-code\G3D\png.lib\source\pngset.c">
      <Filter>Source Files</Filter>
    </ClCompile>
    <ClCompile Include="F:\vrg3d-code\G3D\png.lib\source\pngtrans.c">
      <Filter>Source Files</Filter>
    </ClCompile>
    <ClCompile Include="F:\vrg3d-code\G3D\png.lib\source\pngwio.c">
      <Filter>Source Files</Filter>
    </ClCompile>
    <ClCompile Include="F:\vrg3d-code\G3D\png.lib\source\pngwrite.c">
      <Filter>Source Files</Filter>
    </ClCompile>
    <ClCompile Include="F:\vrg3d-code\G3D\png.lib\source\pngwtran.c">
      <Filter>Source Files</Filter>
    </ClCompile>
    <ClCompile Include="F:\vrg3d-code\G3D\png.lib\source\pngwutil.c">
      <Filter>Source Files</Filter>
    </ClCompile>
  </ItemGroup>
  <ItemGroup>
    <ClInclude Include="F:\vrg3d-code\G3D\png.lib\source\pngpriv.h">
      <Filter>Header Files</Filter>
    </ClInclude>
    <ClInclude Include="F:\vrg3d-code\G3D\png.lib\include\png.h">
      <Filter>Header Files</Filter>
    </ClInclude>
    <ClInclude Include="F:\vrg3d-code\G3D\png.lib\include\pngconf.h">
      <Filter>Header Files</Filter>
    </ClInclude>
  </ItemGroup>
  <ItemGroup>
    <CustomBuild Include="F:\vrg3d-code\G3D\png.lib\CMakeLists.txt" />
  </ItemGroup>
  <ItemGroup>
    <Filter Include="Header Files">
      <UniqueIdentifier>{218CB64B-0D78-3D58-8F46-90F8EFC61FBB}</UniqueIdentifier>
    </Filter>
    <Filter Include="Source Files">
      <UniqueIdentifier>{14B4C722-4FCA-347C-99F9-10692F3B9EC7}</UniqueIdentifier>
    </Filter>
  </ItemGroup>
</Project>
