<?xml version="1.0" encoding="utf-8"?>
<Project ToolsVersion="15.0" xmlns="http://schemas.microsoft.com/developer/msbuild/2003">
  <ItemGroup>
    <ClCompile Include="F:\vrg3d-code\G3D\jpeg.lib\source\jcapimin.c">
      <Filter>Source Files</Filter>
    </ClCompile>
    <ClCompile Include="F:\vrg3d-code\G3D\jpeg.lib\source\jcapistd.c">
      <Filter>Source Files</Filter>
    </ClCompile>
    <ClCompile Include="F:\vrg3d-code\G3D\jpeg.lib\source\jccoefct.c">
      <Filter>Source Files</Filter>
    </ClCompile>
    <ClCompile Include="F:\vrg3d-code\G3D\jpeg.lib\source\jccolor.c">
      <Filter>Source Files</Filter>
    </ClCompile>
    <ClCompile Include="F:\vrg3d-code\G3D\jpeg.lib\source\jcdctmgr.c">
      <Filter>Source Files</Filter>
    </ClCompile>
    <ClCompile Include="F:\vrg3d-code\G3D\jpeg.lib\source\jchuff.c">
      <Filter>Source Files</Filter>
    </ClCompile>
    <ClCompile Include="F:\vrg3d-code\G3D\jpeg.lib\source\jcinit.c">
      <Filter>Source Files</Filter>
    </ClCompile>
    <ClCompile Include="F:\vrg3d-code\G3D\jpeg.lib\source\jcmainct.c">
      <Filter>Source Files</Filter>
    </ClCompile>
    <ClCompile Include="F:\vrg3d-code\G3D\jpeg.lib\source\jcmarker.c">
      <Filter>Source Files</Filter>
    </ClCompile>
    <ClCompile Include="F:\vrg3d-code\G3D\jpeg.lib\source\jcmaster.c">
      <Filter>Source Files</Filter>
    </ClCompile>
    <ClCompile Include="F:\vrg3d-code\G3D\jpeg.lib\source\jcomapi.c">
      <Filter>Source Files</Filter>
    </ClCompile>
    <ClCompile Include="F:\vrg3d-code\G3D\jpeg.lib\source\jcparam.c">
      <Filter>Source Files</Filter>
    </ClCompile>
    <ClCompile Include="F:\vrg3d-code\G3D\jpeg.lib\source\jcphuff.c">
      <Filter>Source Files</Filter>
    </ClCompile>
    <ClCompile Include="F:\vrg3d-code\G3D\jpeg.lib\source\jcprepct.c">
      <Filter>Source Files</Filter>
    </ClCompile>
    <ClCompile Include="F:\vrg3d-code\G3D\jpeg.lib\source\jcsample.c">
      <Filter>Source Files</Filter>
    </ClCompile>
    <ClCompile Include="F:\vrg3d-code\G3D\jpeg.lib\source\jctrans.c">
      <Filter>Source Files</Filter>
    </ClCompile>
    <ClCompile Include="F:\vrg3d-code\G3D\jpeg.lib\source\jdapimin.c">
      <Filter>Source Files</Filter>
    </ClCompile>
    <ClCompile Include="F:\vrg3d-code\G3D\jpeg.lib\source\jdapistd.c">
      <Filter>Source Files</Filter>
    </ClCompile>
    <ClCompile Include="F:\vrg3d-code\G3D\jpeg.lib\source\jdatadst.c">
      <Filter>Source Files</Filter>
    </ClCompile>
    <ClCompile Include="F:\vrg3d-code\G3D\jpeg.lib\source\jdatasrc.c">
      <Filter>Source Files</Filter>
    </ClCompile>
    <ClCompile Include="F:\vrg3d-code\G3D\jpeg.lib\source\jdcoefct.c">
      <Filter>Source Files</Filter>
    </ClCompile>
    <ClCompile Include="F:\vrg3d-code\G3D\jpeg.lib\source\jdcolor.c">
      <Filter>Source Files</Filter>
    </ClCompile>
    <ClCompile Include="F:\vrg3d-code\G3D\jpeg.lib\source\jddctmgr.c">
      <Filter>Source Files</Filter>
    </ClCompile>
    <ClCompile Include="F:\vrg3d-code\G3D\jpeg.lib\source\jdhuff.c">
      <Filter>Source Files</Filter>
    </ClCompile>
    <ClCompile Include="F:\vrg3d-code\G3D\jpeg.lib\source\jdinput.c">
      <Filter>Source Files</Filter>
    </ClCompile>
    <ClCompile Include="F:\vrg3d-code\G3D\jpeg.lib\source\jdmainct.c">
      <Filter>Source Files</Filter>
    </ClCompile>
    <ClCompile Include="F:\vrg3d-code\G3D\jpeg.lib\source\jdmarker.c">
      <Filter>Source Files</Filter>
    </ClCompile>
    <ClCompile Include="F:\vrg3d-code\G3D\jpeg.lib\source\jdmaster.c">
      <Filter>Source Files</Filter>
    </ClCompile>
    <ClCompile Include="F:\vrg3d-code\G3D\jpeg.lib\source\jdmerge.c">
      <Filter>Source Files</Filter>
    </ClCompile>
    <ClCompile Include="F:\vrg3d-code\G3D\jpeg.lib\source\jdphuff.c">
      <Filter>Source Files</Filter>
    </ClCompile>
    <ClCompile Include="F:\vrg3d-code\G3D\jpeg.lib\source\jdpostct.c">
      <Filter>Source Files</Filter>
    </ClCompile>
    <ClCompile Include="F:\vrg3d-code\G3D\jpeg.lib\source\jdsample.c">
      <Filter>Source Files</Filter>
    </ClCompile>
    <ClCompile Include="F:\vrg3d-code\G3D\jpeg.lib\source\jdtrans.c">
      <Filter>Source Files</Filter>
    </ClCompile>
    <ClCompile Include="F:\vrg3d-code\G3D\jpeg.lib\source\jerror.c">
      <Filter>Source Files</Filter>
    </ClCompile>
    <ClCompile Include="F:\vrg3d-code\G3D\jpeg.lib\source\jfdctflt.c">
      <Filter>Source Files</Filter>
    </ClCompile>
    <ClCompile Include="F:\vrg3d-code\G3D\jpeg.lib\source\jfdctfst.c">
      <Filter>Source Files</Filter>
    </ClCompile>
    <ClCompile Include="F:\vrg3d-code\G3D\jpeg.lib\source\jfdctint.c">
      <Filter>Source Files</Filter>
    </ClCompile>
    <ClCompile Include="F:\vrg3d-code\G3D\jpeg.lib\source\jidctflt.c">
      <Filter>Source Files</Filter>
    </ClCompile>
    <ClCompile Include="F:\vrg3d-code\G3D\jpeg.lib\source\jidctfst.c">
      <Filter>Source Files</Filter>
    </ClCompile>
    <ClCompile Include="F:\vrg3d-code\G3D\jpeg.lib\source\jidctint.c">
      <Filter>Source Files</Filter>
    </ClCompile>
    <ClCompile Include="F:\vrg3d-code\G3D\jpeg.lib\source\jidctred.c">
      <Filter>Source Files</Filter>
    </ClCompile>
    <ClCompile Include="F:\vrg3d-code\G3D\jpeg.lib\source\jmemansi.c">
      <Filter>Source Files</Filter>
    </ClCompile>
    <ClCompile Include="F:\vrg3d-code\G3D\jpeg.lib\source\jmemmgr.c">
      <Filter>Source Files</Filter>
    </ClCompile>
    <ClCompile Include="F:\vrg3d-code\G3D\jpeg.lib\source\jquant1.c">
      <Filter>Source Files</Filter>
    </ClCompile>
    <ClCompile Include="F:\vrg3d-code\G3D\jpeg.lib\source\jquant2.c">
      <Filter>Source Files</Filter>
    </ClCompile>
    <ClCompile Include="F:\vrg3d-code\G3D\jpeg.lib\source\jutils.c">
      <Filter>Source Files</Filter>
    </ClCompile>
  </ItemGroup>
  <ItemGroup>
    <ClInclude Include="F:\vrg3d-code\G3D\jpeg.lib\include\cderror.h">
      <Filter>Header Files</Filter>
    </ClInclude>
    <ClInclude Include="F:\vrg3d-code\G3D\jpeg.lib\include\cdjpeg.h">
      <Filter>Header Files</Filter>
    </ClInclude>
    <ClInclude Include="F:\vrg3d-code\G3D\jpeg.lib\include\jchuff.h">
      <Filter>Header Files</Filter>
    </ClInclude>
    <ClInclude Include="F:\vrg3d-code\G3D\jpeg.lib\include\jconfig.h">
      <Filter>Header Files</Filter>
    </ClInclude>
    <ClInclude Include="F:\vrg3d-code\G3D\jpeg.lib\include\jconfig-osx.h">
      <Filter>Header Files</Filter>
    </ClInclude>
    <ClInclude Include="F:\vrg3d-code\G3D\jpeg.lib\include\jconfig-win.h">
      <Filter>Header Files</Filter>
    </ClInclude>
    <ClInclude Include="F:\vrg3d-code\G3D\jpeg.lib\include\jdct.h">
      <Filter>Header Files</Filter>
    </ClInclude>
    <ClInclude Include="F:\vrg3d-code\G3D\jpeg.lib\include\jdhuff.h">
      <Filter>Header Files</Filter>
    </ClInclude>
    <ClInclude Include="F:\vrg3d-code\G3D\jpeg.lib\include\jerror.h">
      <Filter>Header Files</Filter>
    </ClInclude>
    <ClInclude Include="F:\vrg3d-code\G3D\jpeg.lib\include\jinclude.h">
      <Filter>Header Files</Filter>
    </ClInclude>
    <ClInclude Include="F:\vrg3d-code\G3D\jpeg.lib\include\jmemsys.h">
      <Filter>Header Files</Filter>
    </ClInclude>
    <ClInclude Include="F:\vrg3d-code\G3D\jpeg.lib\include\jmorecfg.h">
      <Filter>Header Files</Filter>
    </ClInclude>
    <ClInclude Include="F:\vrg3d-code\G3D\jpeg.lib\include\jpegint.h">
      <Filter>Header Files</Filter>
    </ClInclude>
    <ClInclude Include="F:\vrg3d-code\G3D\jpeg.lib\include\jpeglib.h">
      <Filter>Header Files</Filter>
    </ClInclude>
    <ClInclude Include="F:\vrg3d-code\G3D\jpeg.lib\include\jversion.h">
      <Filter>Header Files</Filter>
    </ClInclude>
    <ClInclude Include="F:\vrg3d-code\G3D\jpeg.lib\include\transupp.h">
      <Filter>Header Files</Filter>
    </ClInclude>
  </ItemGroup>
  <ItemGroup>
    <CustomBuild Include="F:\vrg3d-code\G3D\jpeg.lib\CMakeLists.txt" />
  </ItemGroup>
  <ItemGroup>
    <Filter Include="Header Files">
      <UniqueIdentifier>{4A5B03CC-AE05-3BC7-AA58-9A933A24D9E6}</UniqueIdentifier>
    </Filter>
    <Filter Include="Source Files">
      <UniqueIdentifier>{5EACFF10-7F3D-35AB-9CEE-121D303F3210}</UniqueIdentifier>
    </Filter>
  </ItemGroup>
</Project>
