Microsoft Visual Studio Solution File, Format Version 12.00
# Visual Studio 15
Project("{8BC9CEB8-8B4A-11D0-8D11-00A0C91BC942}") = "ALL_BUILD", "ALL_BUILD.vcxproj", "{C154CCF3-F1B8-3826-8924-C6FA80D456AD}"
	ProjectSection(ProjectDependencies) = postProject
		{C8AF40B7-948A-39DF-9F17-10019E02657E} = {C8AF40B7-948A-39DF-9F17-10019E02657E}
		{36471A20-AED4-3CC7-A71D-E480AF369B85} = {36471A20-AED4-3CC7-A71D-E480AF369B85}
	EndProjectSection
EndProject
Project("{8BC9CEB8-8B4A-11D0-8D11-00A0C91BC942}") = "INSTALL", "INSTALL.vcxproj", "{13091C5C-3D6F-3C02-B138-124C50835A2C}"
	ProjectSection(ProjectDependencies) = postProject
		{C154CCF3-F1B8-3826-8924-C6FA80D456AD} = {C154CCF3-F1B8-3826-8924-C6FA80D456AD}
		{C8AF40B7-948A-39DF-9F17-10019E02657E} = {C8AF40B7-948A-39DF-9F17-10019E02657E}
	EndProjectSection
EndProject
Project("{8BC9CEB8-8B4A-11D0-8D11-00A0C91BC942}") = "ZERO_CHECK", "ZERO_CHECK.vcxproj", "{C8AF40B7-948A-39DF-9F17-10019E02657E}"
	ProjectSection(ProjectDependencies) = postProject
	EndProjectSection
EndProject
Project("{8BC9CEB8-8B4A-11D0-8D11-00A0C91BC942}") = "zip", "zip.vcxproj", "{36471A20-AED4-3CC7-A71D-E480AF369B85}"
	ProjectSection(ProjectDependencies) = postProject
		{C8AF40B7-948A-39DF-9F17-10019E02657E} = {C8AF40B7-948A-39DF-9F17-10019E02657E}
	EndProjectSection
EndProject
Global
	GlobalSection(SolutionConfigurationPlatforms) = preSolution
		Debug|Win32 = Debug|Win32
		Release|Win32 = Release|Win32
		MinSizeRel|Win32 = MinSizeRel|Win32
		RelWithDebInfo|Win32 = RelWithDebInfo|Win32
	EndGlobalSection
	GlobalSection(ProjectConfigurationPlatforms) = postSolution
		{C154CCF3-F1B8-3826-8924-C6FA80D456AD}.Debug|Win32.ActiveCfg = Debug|Win32
		{C154CCF3-F1B8-3826-8924-C6FA80D456AD}.Debug|Win32.Build.0 = Debug|Win32
		{C154CCF3-F1B8-3826-8924-C6FA80D456AD}.Release|Win32.ActiveCfg = Release|Win32
		{C154CCF3-F1B8-3826-8924-C6FA80D456AD}.Release|Win32.Build.0 = Release|Win32
		{C154CCF3-F1B8-3826-8924-C6FA80D456AD}.MinSizeRel|Win32.ActiveCfg = MinSizeRel|Win32
		{C154CCF3-F1B8-3826-8924-C6FA80D456AD}.MinSizeRel|Win32.Build.0 = MinSizeRel|Win32
		{C154CCF3-F1B8-3826-8924-C6FA80D456AD}.RelWithDebInfo|Win32.ActiveCfg = RelWithDebInfo|Win32
		{C154CCF3-F1B8-3826-8924-C6FA80D456AD}.RelWithDebInfo|Win32.Build.0 = RelWithDebInfo|Win32
		{13091C5C-3D6F-3C02-B138-124C50835A2C}.Debug|Win32.ActiveCfg = Debug|Win32
		{13091C5C-3D6F-3C02-B138-124C50835A2C}.Release|Win32.ActiveCfg = Release|Win32
		{13091C5C-3D6F-3C02-B138-124C50835A2C}.MinSizeRel|Win32.ActiveCfg = MinSizeRel|Win32
		{13091C5C-3D6F-3C02-B138-124C50835A2C}.RelWithDebInfo|Win32.ActiveCfg = RelWithDebInfo|Win32
		{C8AF40B7-948A-39DF-9F17-10019E02657E}.Debug|Win32.ActiveCfg = Debug|Win32
		{C8AF40B7-948A-39DF-9F17-10019E02657E}.Debug|Win32.Build.0 = Debug|Win32
		{C8AF40B7-948A-39DF-9F17-10019E02657E}.Release|Win32.ActiveCfg = Release|Win32
		{C8AF40B7-948A-39DF-9F17-10019E02657E}.Release|Win32.Build.0 = Release|Win32
		{C8AF40B7-948A-39DF-9F17-10019E02657E}.MinSizeRel|Win32.ActiveCfg = MinSizeRel|Win32
		{C8AF40B7-948A-39DF-9F17-10019E02657E}.MinSizeRel|Win32.Build.0 = MinSizeRel|Win32
		{C8AF40B7-948A-39DF-9F17-10019E02657E}.RelWithDebInfo|Win32.ActiveCfg = RelWithDebInfo|Win32
		{C8AF40B7-948A-39DF-9F17-10019E02657E}.RelWithDebInfo|Win32.Build.0 = RelWithDebInfo|Win32
		{36471A20-AED4-3CC7-A71D-E480AF369B85}.Debug|Win32.ActiveCfg = Debug|Win32
		{36471A20-AED4-3CC7-A71D-E480AF369B85}.Debug|Win32.Build.0 = Debug|Win32
		{36471A20-AED4-3CC7-A71D-E480AF369B85}.Release|Win32.ActiveCfg = Release|Win32
		{36471A20-AED4-3CC7-A71D-E480AF369B85}.Release|Win32.Build.0 = Release|Win32
		{36471A20-AED4-3CC7-A71D-E480AF369B85}.MinSizeRel|Win32.ActiveCfg = MinSizeRel|Win32
		{36471A20-AED4-3CC7-A71D-E480AF369B85}.MinSizeRel|Win32.Build.0 = MinSizeRel|Win32
		{36471A20-AED4-3CC7-A71D-E480AF369B85}.RelWithDebInfo|Win32.ActiveCfg = RelWithDebInfo|Win32
		{36471A20-AED4-3CC7-A71D-E480AF369B85}.RelWithDebInfo|Win32.Build.0 = RelWithDebInfo|Win32
	EndGlobalSection
	GlobalSection(ExtensibilityGlobals) = postSolution
		SolutionGuid = {FCF24D72-C69D-31F3-9669-8D6714163423}
	EndGlobalSection
	GlobalSection(ExtensibilityAddIns) = postSolution
	EndGlobalSection
EndGlobal
