<?xml version="1.0" encoding="utf-8"?>
<Project ToolsVersion="15.0" xmlns="http://schemas.microsoft.com/developer/msbuild/2003">
  <ItemGroup>
    <CustomBuild Include="F:\vrg3d-code\G3D\zlib.lib\build32\CMakeFiles\ca2075d809345eff173435a0108d2d63\generate.stamp.rule">
      <Filter>CMake Rules</Filter>
    </CustomBuild>
  </ItemGroup>
  <ItemGroup>
    <Filter Include="CMake Rules">
      <UniqueIdentifier>{CC93CBEE-6DB8-306C-89B8-2853A8C371BC}</UniqueIdentifier>
    </Filter>
  </ItemGroup>
</Project>
